// !$*UTF8*$!
{
	archiveVersion = 1;
	classes = {
	};
	objectVersion = 50;
	objects = {

/* Begin PBXBuildFile section */
		033592FE21FB8D9300A53180 /* CurrenciesList.m in Sources */ = {isa = PBXBuildFile; fileRef = 033592FD21FB8D9300A53180 /* CurrenciesList.m */; };
		0372944921F3EB8C0037D361 /* FontAwesome5regular.otf in Resources */ = {isa = PBXBuildFile; fileRef = 0372944821F3EB830037D361 /* FontAwesome5regular.otf */; };
		0372944B21F3ECF20037D361 /* FontAwesome5solid.otf in Resources */ = {isa = PBXBuildFile; fileRef = 0372944A21F3ECEE0037D361 /* FontAwesome5solid.otf */; };
		03A95D5521F37A7800742E2A /* AppDelegate.m in Sources */ = {isa = PBXBuildFile; fileRef = 03A95D5421F37A7800742E2A /* AppDelegate.m */; };
		03A95D5B21F37A7900742E2A /* Main.storyboard in Resources */ = {isa = PBXBuildFile; fileRef = 03A95D5921F37A7900742E2A /* Main.storyboard */; };
		03A95D6021F37A7A00742E2A /* LaunchScreen.storyboard in Resources */ = {isa = PBXBuildFile; fileRef = 03A95D5E21F37A7A00742E2A /* LaunchScreen.storyboard */; };
		03A95D6321F37A7A00742E2A /* main.m in Sources */ = {isa = PBXBuildFile; fileRef = 03A95D6221F37A7A00742E2A /* main.m */; };
		03A95D7121F3992900742E2A /* ExpensesList.m in Sources */ = {isa = PBXBuildFile; fileRef = 03A95D7021F3992900742E2A /* ExpensesList.m */; };
		03EF9DC021F4CDB60024EA47 /* libsqlite3.tbd in Frameworks */ = {isa = PBXBuildFile; fileRef = 03EF9DBF21F4CDB60024EA47 /* libsqlite3.tbd */; };
		03EF9DC321F511CD0024EA47 /* Database.m in Sources */ = {isa = PBXBuildFile; fileRef = 03EF9DC221F511CD0024EA47 /* Database.m */; };
		03EF9DC721F523170024EA47 /* CategoriesList.m in Sources */ = {isa = PBXBuildFile; fileRef = 03EF9DC621F523170024EA47 /* CategoriesList.m */; };
		03EF9DD021F603560024EA47 /* ExpenseCell.m in Sources */ = {isa = PBXBuildFile; fileRef = 03EF9DCF21F603560024EA47 /* ExpenseCell.m */; };
		03EF9DD921F747510024EA47 /* Assets.xcassets in Resources */ = {isa = PBXBuildFile; fileRef = 03EF9DD821F747510024EA47 /* Assets.xcassets */; };
		03EF9DDF21F74FCF0024EA47 /* CSV.m in Sources */ = {isa = PBXBuildFile; fileRef = 03EF9DDE21F74FCF0024EA47 /* CSV.m */; };
		03EF9DE421F902810024EA47 /* SettingCell.m in Sources */ = {isa = PBXBuildFile; fileRef = 03EF9DE321F902800024EA47 /* SettingCell.m */; };
		03EF9DE821F903320024EA47 /* Settings.m in Sources */ = {isa = PBXBuildFile; fileRef = 03EF9DE721F903320024EA47 /* Settings.m */; };
		03EF9DF221FA60330024EA47 /* DetailsTable.m in Sources */ = {isa = PBXBuildFile; fileRef = 03EF9DF121FA60330024EA47 /* DetailsTable.m */; };
		03EF9DF521FA7CD40024EA47 /* AddExpenseTable.m in Sources */ = {isa = PBXBuildFile; fileRef = 03EF9DF421FA7CD40024EA47 /* AddExpenseTable.m */; };
/* End PBXBuildFile section */

/* Begin PBXFileReference section */
		033592FC21FB8D9300A53180 /* CurrenciesList.h */ = {isa = PBXFileReference; lastKnownFileType = sourcecode.c.h; path = CurrenciesList.h; sourceTree = "<group>"; };
		033592FD21FB8D9300A53180 /* CurrenciesList.m */ = {isa = PBXFileReference; lastKnownFileType = sourcecode.c.objc; path = CurrenciesList.m; sourceTree = "<group>"; };
		0372944821F3EB830037D361 /* FontAwesome5regular.otf */ = {isa = PBXFileReference; lastKnownFileType = file; path = FontAwesome5regular.otf; sourceTree = "<group>"; };
		0372944A21F3ECEE0037D361 /* FontAwesome5solid.otf */ = {isa = PBXFileReference; lastKnownFileType = file; path = FontAwesome5solid.otf; sourceTree = "<group>"; };
		03A95D5021F37A7800742E2A /* Dinero.app */ = {isa = PBXFileReference; explicitFileType = wrapper.application; includeInIndex = 0; path = Dinero.app; sourceTree = BUILT_PRODUCTS_DIR; };
		03A95D5321F37A7800742E2A /* AppDelegate.h */ = {isa = PBXFileReference; lastKnownFileType = sourcecode.c.h; path = AppDelegate.h; sourceTree = "<group>"; };
		03A95D5421F37A7800742E2A /* AppDelegate.m */ = {isa = PBXFileReference; lastKnownFileType = sourcecode.c.objc; path = AppDelegate.m; sourceTree = "<group>"; };
		03A95D5A21F37A7900742E2A /* Base */ = {isa = PBXFileReference; lastKnownFileType = file.storyboard; name = Base; path = Base.lproj/Main.storyboard; sourceTree = "<group>"; };
		03A95D5F21F37A7A00742E2A /* Base */ = {isa = PBXFileReference; lastKnownFileType = file.storyboard; name = Base; path = Base.lproj/LaunchScreen.storyboard; sourceTree = "<group>"; };
		03A95D6121F37A7A00742E2A /* Info.plist */ = {isa = PBXFileReference; lastKnownFileType = text.plist.xml; path = Info.plist; sourceTree = "<group>"; };
		03A95D6221F37A7A00742E2A /* main.m */ = {isa = PBXFileReference; lastKnownFileType = sourcecode.c.objc; path = main.m; sourceTree = "<group>"; };
		03A95D6F21F3992900742E2A /* ExpensesList.h */ = {isa = PBXFileReference; lastKnownFileType = sourcecode.c.h; path = ExpensesList.h; sourceTree = "<group>"; };
		03A95D7021F3992900742E2A /* ExpensesList.m */ = {isa = PBXFileReference; lastKnownFileType = sourcecode.c.objc; path = ExpensesList.m; sourceTree = "<group>"; };
		03EF9DBF21F4CDB60024EA47 /* libsqlite3.tbd */ = {isa = PBXFileReference; lastKnownFileType = "sourcecode.text-based-dylib-definition"; name = libsqlite3.tbd; path = usr/lib/libsqlite3.tbd; sourceTree = SDKROOT; };
		03EF9DC121F511CD0024EA47 /* Database.h */ = {isa = PBXFileReference; lastKnownFileType = sourcecode.c.h; path = Database.h; sourceTree = "<group>"; };
		03EF9DC221F511CD0024EA47 /* Database.m */ = {isa = PBXFileReference; lastKnownFileType = sourcecode.c.objc; path = Database.m; sourceTree = "<group>"; };
		03EF9DC521F523170024EA47 /* CategoriesList.h */ = {isa = PBXFileReference; lastKnownFileType = sourcecode.c.h; path = CategoriesList.h; sourceTree = "<group>"; };
		03EF9DC621F523170024EA47 /* CategoriesList.m */ = {isa = PBXFileReference; lastKnownFileType = sourcecode.c.objc; path = CategoriesList.m; sourceTree = "<group>"; };
		03EF9DCE21F603560024EA47 /* ExpenseCell.h */ = {isa = PBXFileReference; lastKnownFileType = sourcecode.c.h; path = ExpenseCell.h; sourceTree = "<group>"; };
		03EF9DCF21F603560024EA47 /* ExpenseCell.m */ = {isa = PBXFileReference; lastKnownFileType = sourcecode.c.objc; path = ExpenseCell.m; sourceTree = "<group>"; };
		03EF9DD821F747510024EA47 /* Assets.xcassets */ = {isa = PBXFileReference; lastKnownFileType = folder.assetcatalog; path = Assets.xcassets; sourceTree = "<group>"; };
		03EF9DDD21F74FCF0024EA47 /* CSV.h */ = {isa = PBXFileReference; lastKnownFileType = sourcecode.c.h; path = CSV.h; sourceTree = "<group>"; };
		03EF9DDE21F74FCF0024EA47 /* CSV.m */ = {isa = PBXFileReference; lastKnownFileType = sourcecode.c.objc; path = CSV.m; sourceTree = "<group>"; };
		03EF9DE221F902800024EA47 /* SettingCell.h */ = {isa = PBXFileReference; fileEncoding = 4; lastKnownFileType = sourcecode.c.h; path = SettingCell.h; sourceTree = "<group>"; };
		03EF9DE321F902800024EA47 /* SettingCell.m */ = {isa = PBXFileReference; fileEncoding = 4; lastKnownFileType = sourcecode.c.objc; path = SettingCell.m; sourceTree = "<group>"; };
		03EF9DE621F903320024EA47 /* Settings.h */ = {isa = PBXFileReference; lastKnownFileType = sourcecode.c.h; path = Settings.h; sourceTree = "<group>"; };
		03EF9DE721F903320024EA47 /* Settings.m */ = {isa = PBXFileReference; lastKnownFileType = sourcecode.c.objc; path = Settings.m; sourceTree = "<group>"; };
		03EF9DF021FA60330024EA47 /* DetailsTable.h */ = {isa = PBXFileReference; lastKnownFileType = sourcecode.c.h; path = DetailsTable.h; sourceTree = "<group>"; };
		03EF9DF121FA60330024EA47 /* DetailsTable.m */ = {isa = PBXFileReference; lastKnownFileType = sourcecode.c.objc; path = DetailsTable.m; sourceTree = "<group>"; };
		03EF9DF321FA7CD40024EA47 /* AddExpenseTable.h */ = {isa = PBXFileReference; lastKnownFileType = sourcecode.c.h; path = AddExpenseTable.h; sourceTree = "<group>"; };
		03EF9DF421FA7CD40024EA47 /* AddExpenseTable.m */ = {isa = PBXFileReference; lastKnownFileType = sourcecode.c.objc; path = AddExpenseTable.m; sourceTree = "<group>"; };
/* End PBXFileReference section */

/* Begin PBXFrameworksBuildPhase section */
		03A95D4D21F37A7800742E2A /* Frameworks */ = {
			isa = PBXFrameworksBuildPhase;
			buildActionMask = 2147483647;
			files = (
				03EF9DC021F4CDB60024EA47 /* libsqlite3.tbd in Frameworks */,
			);
			runOnlyForDeploymentPostprocessing = 0;
		};
/* End PBXFrameworksBuildPhase section */

/* Begin PBXGroup section */
		033592FB21FB8D4A00A53180 /* Currencies List */ = {
			isa = PBXGroup;
			children = (
				033592FC21FB8D9300A53180 /* CurrenciesList.h */,
				033592FD21FB8D9300A53180 /* CurrenciesList.m */,
			);
			path = "Currencies List";
			sourceTree = "<group>";
		};
		03A95D4721F37A7800742E2A = {
			isa = PBXGroup;
			children = (
				03A95D5221F37A7800742E2A /* Dinero */,
				03A95D5121F37A7800742E2A /* Products */,
				03EF9DBE21F4CDB50024EA47 /* Frameworks */,
			);
			sourceTree = "<group>";
		};
		03A95D5121F37A7800742E2A /* Products */ = {
			isa = PBXGroup;
			children = (
				03A95D5021F37A7800742E2A /* Dinero.app */,
			);
			name = Products;
			sourceTree = "<group>";
		};
		03A95D5221F37A7800742E2A /* Dinero */ = {
			isa = PBXGroup;
			children = (
				03A95D6E21F3988A00742E2A /* Model */,
				03EF9DE021F8C19B0024EA47 /* View */,
				03EF9DA921F4BF3F0024EA47 /* Controller */,
				03A95D6921F37BFF00742E2A /* FontAwesome */,
				03A95D5321F37A7800742E2A /* AppDelegate.h */,
				03A95D5421F37A7800742E2A /* AppDelegate.m */,
				03A95D5921F37A7900742E2A /* Main.storyboard */,
				03A95D5E21F37A7A00742E2A /* LaunchScreen.storyboard */,
				03A95D6121F37A7A00742E2A /* Info.plist */,
				03A95D6221F37A7A00742E2A /* main.m */,
				03EF9DD821F747510024EA47 /* Assets.xcassets */,
			);
			path = Dinero;
			sourceTree = "<group>";
		};
		03A95D6921F37BFF00742E2A /* FontAwesome */ = {
			isa = PBXGroup;
			children = (
				0372944A21F3ECEE0037D361 /* FontAwesome5solid.otf */,
				0372944821F3EB830037D361 /* FontAwesome5regular.otf */,
			);
			path = FontAwesome;
			sourceTree = "<group>";
		};
		03A95D6E21F3988A00742E2A /* Model */ = {
			isa = PBXGroup;
			children = (
				03EF9DDC21F74FA50024EA47 /* CSV */,
				03EF9DDA21F74F870024EA47 /* Database */,
			);
			path = Model;
			sourceTree = "<group>";
		};
		03EF9DA921F4BF3F0024EA47 /* Controller */ = {
			isa = PBXGroup;
			children = (
				03EF9DAB21F4BF5E0024EA47 /* Add expense */,
				03EF9DC421F522D10024EA47 /* Categories List */,
				033592FB21FB8D4A00A53180 /* Currencies List */,
				03EF9DD421F69A000024EA47 /* Details */,
				03EF9DAA21F4BF4D0024EA47 /* Expenses List */,
				03EF9DE521F902F10024EA47 /* Settings */,
			);
			path = Controller;
			sourceTree = "<group>";
		};
		03EF9DAA21F4BF4D0024EA47 /* Expenses List */ = {
			isa = PBXGroup;
			children = (
				03A95D6F21F3992900742E2A /* ExpensesList.h */,
				03A95D7021F3992900742E2A /* ExpensesList.m */,
			);
			path = "Expenses List";
			sourceTree = "<group>";
		};
		03EF9DAB21F4BF5E0024EA47 /* Add expense */ = {
			isa = PBXGroup;
			children = (
				03EF9DF321FA7CD40024EA47 /* AddExpenseTable.h */,
				03EF9DF421FA7CD40024EA47 /* AddExpenseTable.m */,
			);
			path = "Add expense";
			sourceTree = "<group>";
		};
		03EF9DBE21F4CDB50024EA47 /* Frameworks */ = {
			isa = PBXGroup;
			children = (
				03EF9DBF21F4CDB60024EA47 /* libsqlite3.tbd */,
			);
			name = Frameworks;
			sourceTree = "<group>";
		};
		03EF9DC421F522D10024EA47 /* Categories List */ = {
			isa = PBXGroup;
			children = (
				03EF9DC521F523170024EA47 /* CategoriesList.h */,
				03EF9DC621F523170024EA47 /* CategoriesList.m */,
			);
			path = "Categories List";
			sourceTree = "<group>";
		};
		03EF9DD421F69A000024EA47 /* Details */ = {
			isa = PBXGroup;
			children = (
				03EF9DF021FA60330024EA47 /* DetailsTable.h */,
				03EF9DF121FA60330024EA47 /* DetailsTable.m */,
			);
			path = Details;
			sourceTree = "<group>";
		};
		03EF9DDA21F74F870024EA47 /* Database */ = {
			isa = PBXGroup;
			children = (
				03EF9DC121F511CD0024EA47 /* Database.h */,
				03EF9DC221F511CD0024EA47 /* Database.m */,
			);
			path = Database;
			sourceTree = "<group>";
		};
		03EF9DDB21F74F960024EA47 /* Expense Cell */ = {
			isa = PBXGroup;
			children = (
				03EF9DCE21F603560024EA47 /* ExpenseCell.h */,
				03EF9DCF21F603560024EA47 /* ExpenseCell.m */,
			);
			path = "Expense Cell";
			sourceTree = "<group>";
		};
		03EF9DDC21F74FA50024EA47 /* CSV */ = {
			isa = PBXGroup;
			children = (
				03EF9DDD21F74FCF0024EA47 /* CSV.h */,
				03EF9DDE21F74FCF0024EA47 /* CSV.m */,
			);
			path = CSV;
			sourceTree = "<group>";
		};
		03EF9DE021F8C19B0024EA47 /* View */ = {
			isa = PBXGroup;
			children = (
				03EF9DDB21F74F960024EA47 /* Expense Cell */,
				03EF9DE121F902800024EA47 /* Setting Cell */,
			);
			path = View;
			sourceTree = "<group>";
		};
		03EF9DE121F902800024EA47 /* Setting Cell */ = {
			isa = PBXGroup;
			children = (
				03EF9DE221F902800024EA47 /* SettingCell.h */,
				03EF9DE321F902800024EA47 /* SettingCell.m */,
			);
			path = "Setting Cell";
			sourceTree = "<group>";
		};
		03EF9DE521F902F10024EA47 /* Settings */ = {
			isa = PBXGroup;
			children = (
				03EF9DE621F903320024EA47 /* Settings.h */,
				03EF9DE721F903320024EA47 /* Settings.m */,
			);
			path = Settings;
			sourceTree = "<group>";
		};
/* End PBXGroup section */

/* Begin PBXNativeTarget section */
		03A95D4F21F37A7800742E2A /* Dinero */ = {
			isa = PBXNativeTarget;
			buildConfigurationList = 03A95D6621F37A7A00742E2A /* Build configuration list for PBXNativeTarget "Dinero" */;
			buildPhases = (
				03A95D4C21F37A7800742E2A /* Sources */,
				03A95D4D21F37A7800742E2A /* Frameworks */,
				03A95D4E21F37A7800742E2A /* Resources */,
			);
			buildRules = (
			);
			dependencies = (
			);
			name = Dinero;
			productName = Dinero;
			productReference = 03A95D5021F37A7800742E2A /* Dinero.app */;
			productType = "com.apple.product-type.application";
		};
/* End PBXNativeTarget section */

/* Begin PBXProject section */
		03A95D4821F37A7800742E2A /* Project object */ = {
			isa = PBXProject;
			attributes = {
				LastUpgradeCheck = 1010;
				ORGANIZATIONNAME = "Domenico Majorana";
				TargetAttributes = {
					03A95D4F21F37A7800742E2A = {
						CreatedOnToolsVersion = 10.1;
					};
				};
			};
			buildConfigurationList = 03A95D4B21F37A7800742E2A /* Build configuration list for PBXProject "Dinero" */;
			compatibilityVersion = "Xcode 9.3";
			developmentRegion = en;
			hasScannedForEncodings = 0;
			knownRegions = (
				en,
				Base,
			);
			mainGroup = 03A95D4721F37A7800742E2A;
			productRefGroup = 03A95D5121F37A7800742E2A /* Products */;
			projectDirPath = "";
			projectRoot = "";
			targets = (
				03A95D4F21F37A7800742E2A /* Dinero */,
			);
		};
/* End PBXProject section */

/* Begin PBXResourcesBuildPhase section */
		03A95D4E21F37A7800742E2A /* Resources */ = {
			isa = PBXResourcesBuildPhase;
			buildActionMask = 2147483647;
			files = (
				0372944921F3EB8C0037D361 /* FontAwesome5regular.otf in Resources */,
				03A95D6021F37A7A00742E2A /* LaunchScreen.storyboard in Resources */,
				0372944B21F3ECF20037D361 /* FontAwesome5solid.otf in Resources */,
				03A95D5B21F37A7900742E2A /* Main.storyboard in Resources */,
				03EF9DD921F747510024EA47 /* Assets.xcassets in Resources */,
			);
			runOnlyForDeploymentPostprocessing = 0;
		};
/* End PBXResourcesBuildPhase section */

/* Begin PBXSourcesBuildPhase section */
		03A95D4C21F37A7800742E2A /* Sources */ = {
			isa = PBXSourcesBuildPhase;
			buildActionMask = 2147483647;
			files = (
				03A95D6321F37A7A00742E2A /* main.m in Sources */,
				03EF9DC721F523170024EA47 /* CategoriesList.m in Sources */,
				033592FE21FB8D9300A53180 /* CurrenciesList.m in Sources */,
				03EF9DE821F903320024EA47 /* Settings.m in Sources */,
				03EF9DC321F511CD0024EA47 /* Database.m in Sources */,
				03EF9DF521FA7CD40024EA47 /* AddExpenseTable.m in Sources */,
				03A95D5521F37A7800742E2A /* AppDelegate.m in Sources */,
				03EF9DDF21F74FCF0024EA47 /* CSV.m in Sources */,
				03A95D7121F3992900742E2A /* ExpensesList.m in Sources */,
				03EF9DE421F902810024EA47 /* SettingCell.m in Sources */,
				03EF9DD021F603560024EA47 /* ExpenseCell.m in Sources */,
				03EF9DF221FA60330024EA47 /* DetailsTable.m in Sources */,
			);
			runOnlyForDeploymentPostprocessing = 0;
		};
/* End PBXSourcesBuildPhase section */

/* Begin PBXVariantGroup section */
		03A95D5921F37A7900742E2A /* Main.storyboard */ = {
			isa = PBXVariantGroup;
			children = (
				03A95D5A21F37A7900742E2A /* Base */,
			);
			name = Main.storyboard;
			sourceTree = "<group>";
		};
		03A95D5E21F37A7A00742E2A /* LaunchScreen.storyboard */ = {
			isa = PBXVariantGroup;
			children = (
				03A95D5F21F37A7A00742E2A /* Base */,
			);
			name = LaunchScreen.storyboard;
			sourceTree = "<group>";
		};
/* End PBXVariantGroup section */

/* Begin XCBuildConfiguration section */
		03A95D6421F37A7A00742E2A /* Debug */ = {
			isa = XCBuildConfiguration;
			buildSettings = {
				ALWAYS_SEARCH_USER_PATHS = NO;
				CLANG_ANALYZER_NONNULL = YES;
				CLANG_ANALYZER_NUMBER_OBJECT_CONVERSION = YES_AGGRESSIVE;
				CLANG_CXX_LANGUAGE_STANDARD = "gnu++14";
				CLANG_CXX_LIBRARY = "libc++";
				CLANG_ENABLE_MODULES = YES;
				CLANG_ENABLE_OBJC_ARC = YES;
				CLANG_ENABLE_OBJC_WEAK = YES;
				CLANG_WARN_BLOCK_CAPTURE_AUTORELEASING = YES;
				CLANG_WARN_BOOL_CONVERSION = YES;
				CLANG_WARN_COMMA = YES;
				CLANG_WARN_CONSTANT_CONVERSION = YES;
				CLANG_WARN_DEPRECATED_OBJC_IMPLEMENTATIONS = YES;
				CLANG_WARN_DIRECT_OBJC_ISA_USAGE = YES_ERROR;
				CLANG_WARN_DOCUMENTATION_COMMENTS = YES;
				CLANG_WARN_EMPTY_BODY = YES;
				CLANG_WARN_ENUM_CONVERSION = YES;
				CLANG_WARN_INFINITE_RECURSION = YES;
				CLANG_WARN_INT_CONVERSION = YES;
				CLANG_WARN_NON_LITERAL_NULL_CONVERSION = YES;
				CLANG_WARN_OBJC_IMPLICIT_RETAIN_SELF = YES;
				CLANG_WARN_OBJC_LITERAL_CONVERSION = YES;
				CLANG_WARN_OBJC_ROOT_CLASS = YES_ERROR;
				CLANG_WARN_RANGE_LOOP_ANALYSIS = YES;
				CLANG_WARN_STRICT_PROTOTYPES = YES;
				CLANG_WARN_SUSPICIOUS_MOVE = YES;
				CLANG_WARN_UNGUARDED_AVAILABILITY = YES_AGGRESSIVE;
				CLANG_WARN_UNREACHABLE_CODE = YES;
				CLANG_WARN__DUPLICATE_METHOD_MATCH = YES;
				CODE_SIGN_IDENTITY = "iPhone Developer";
				COPY_PHASE_STRIP = NO;
				DEBUG_INFORMATION_FORMAT = dwarf;
				ENABLE_STRICT_OBJC_MSGSEND = YES;
				ENABLE_TESTABILITY = YES;
				GCC_C_LANGUAGE_STANDARD = gnu11;
				GCC_DYNAMIC_NO_PIC = NO;
				GCC_NO_COMMON_BLOCKS = YES;
				GCC_OPTIMIZATION_LEVEL = 0;
				GCC_PREPROCESSOR_DEFINITIONS = (
					"DEBUG=1",
					"$(inherited)",
				);
				GCC_WARN_64_TO_32_BIT_CONVERSION = YES;
				GCC_WARN_ABOUT_RETURN_TYPE = YES_ERROR;
				GCC_WARN_UNDECLARED_SELECTOR = YES;
				GCC_WARN_UNINITIALIZED_AUTOS = YES_AGGRESSIVE;
				GCC_WARN_UNUSED_FUNCTION = YES;
				GCC_WARN_UNUSED_VARIABLE = YES;
				IPHONEOS_DEPLOYMENT_TARGET = 12.1;
				MTL_ENABLE_DEBUG_INFO = INCLUDE_SOURCE;
				MTL_FAST_MATH = YES;
				ONLY_ACTIVE_ARCH = YES;
				SDKROOT = iphoneos;
			};
			name = Debug;
		};
		03A95D6521F37A7A00742E2A /* Release */ = {
			isa = XCBuildConfiguration;
			buildSettings = {
				ALWAYS_SEARCH_USER_PATHS = NO;
				CLANG_ANALYZER_NONNULL = YES;
				CLANG_ANALYZER_NUMBER_OBJECT_CONVERSION = YES_AGGRESSIVE;
				CLANG_CXX_LANGUAGE_STANDARD = "gnu++14";
				CLANG_CXX_LIBRARY = "libc++";
				CLANG_ENABLE_MODULES = YES;
				CLANG_ENABLE_OBJC_ARC = YES;
				CLANG_ENABLE_OBJC_WEAK = YES;
				CLANG_WARN_BLOCK_CAPTURE_AUTORELEASING = YES;
				CLANG_WARN_BOOL_CONVERSION = YES;
				CLANG_WARN_COMMA = YES;
				CLANG_WARN_CONSTANT_CONVERSION = YES;
				CLANG_WARN_DEPRECATED_OBJC_IMPLEMENTATIONS = YES;
				CLANG_WARN_DIRECT_OBJC_ISA_USAGE = YES_ERROR;
				CLANG_WARN_DOCUMENTATION_COMMENTS = YES;
				CLANG_WARN_EMPTY_BODY = YES;
				CLANG_WARN_ENUM_CONVERSION = YES;
				CLANG_WARN_INFINITE_RECURSION = YES;
				CLANG_WARN_INT_CONVERSION = YES;
				CLANG_WARN_NON_LITERAL_NULL_CONVERSION = YES;
				CLANG_WARN_OBJC_IMPLICIT_RETAIN_SELF = YES;
				CLANG_WARN_OBJC_LITERAL_CONVERSION = YES;
				CLANG_WARN_OBJC_ROOT_CLASS = YES_ERROR;
				CLANG_WARN_RANGE_LOOP_ANALYSIS = YES;
				CLANG_WARN_STRICT_PROTOTYPES = YES;
				CLANG_WARN_SUSPICIOUS_MOVE = YES;
				CLANG_WARN_UNGUARDED_AVAILABILITY = YES_AGGRESSIVE;
				CLANG_WARN_UNREACHABLE_CODE = YES;
				CLANG_WARN__DUPLICATE_METHOD_MATCH = YES;
				CODE_SIGN_IDENTITY = "iPhone Developer";
				COPY_PHASE_STRIP = NO;
				DEBUG_INFORMATION_FORMAT = "dwarf-with-dsym";
				ENABLE_NS_ASSERTIONS = NO;
				ENABLE_STRICT_OBJC_MSGSEND = YES;
				GCC_C_LANGUAGE_STANDARD = gnu11;
				GCC_NO_COMMON_BLOCKS = YES;
				GCC_WARN_64_TO_32_BIT_CONVERSION = YES;
				GCC_WARN_ABOUT_RETURN_TYPE = YES_ERROR;
				GCC_WARN_UNDECLARED_SELECTOR = YES;
				GCC_WARN_UNINITIALIZED_AUTOS = YES_AGGRESSIVE;
				GCC_WARN_UNUSED_FUNCTION = YES;
				GCC_WARN_UNUSED_VARIABLE = YES;
				IPHONEOS_DEPLOYMENT_TARGET = 12.1;
				MTL_ENABLE_DEBUG_INFO = NO;
				MTL_FAST_MATH = YES;
				SDKROOT = iphoneos;
				VALIDATE_PRODUCT = YES;
			};
			name = Release;
		};
		03A95D6721F37A7A00742E2A /* Debug */ = {
			isa = XCBuildConfiguration;
			buildSettings = {
				ASSETCATALOG_COMPILER_APPICON_NAME = AppIcon;
				CODE_SIGN_STYLE = Automatic;
				DEVELOPMENT_TEAM = TUYRXKD9X4;
				INFOPLIST_FILE = Dinero/Info.plist;
				LD_RUNPATH_SEARCH_PATHS = (
					"$(inherited)",
					"@executable_path/Frameworks",
				);
				PRODUCT_BUNDLE_IDENTIFIER = DomenicoMajorana.Dinero;
				PRODUCT_NAME = "$(TARGET_NAME)";
				TARGETED_DEVICE_FAMILY = "1,2";
			};
			name = Debug;
		};
		03A95D6821F37A7A00742E2A /* Release */ = {
			isa = XCBuildConfiguration;
			buildSettings = {
				ASSETCATALOG_COMPILER_APPICON_NAME = AppIcon;
				CODE_SIGN_STYLE = Automatic;
				DEVELOPMENT_TEAM = TUYRXKD9X4;
				INFOPLIST_FILE = Dinero/Info.plist;
				LD_RUNPATH_SEARCH_PATHS = (
					"$(inherited)",
					"@executable_path/Frameworks",
				);
				PRODUCT_BUNDLE_IDENTIFIER = DomenicoMajorana.Dinero;
				PRODUCT_NAME = "$(TARGET_NAME)";
				TARGETED_DEVICE_FAMILY = "1,2";
			};
			name = Release;
		};
/* End XCBuildConfiguration section */

/* Begin XCConfigurationList section */
		03A95D4B21F37A7800742E2A /* Build configuration list for PBXProject "Dinero" */ = {
			isa = XCConfigurationList;
			buildConfigurations = (
				03A95D6421F37A7A00742E2A /* Debug */,
				03A95D6521F37A7A00742E2A /* Release */,
			);
			defaultConfigurationIsVisible = 0;
			defaultConfigurationName = Release;
		};
		03A95D6621F37A7A00742E2A /* Build configuration list for PBXNativeTarget "Dinero" */ = {
			isa = XCConfigurationList;
			buildConfigurations = (
				03A95D6721F37A7A00742E2A /* Debug */,
				03A95D6821F37A7A00742E2A /* Release */,
			);
			defaultConfigurationIsVisible = 0;
			defaultConfigurationName = Release;
		};
/* End XCConfigurationList section */
	};
	rootObject = 03A95D4821F37A7800742E2A /* Project object */;
}
